
Microsoft Visual Studio Solution File, Format Version 12.00
# Visual Studio Version 17
VisualStudioVersion = 17.13.35931.197
MinimumVisualStudioVersion = 10.0.40219.1
Project("{FAE04EC0-301F-11D3-BF4B-00C04F79EFBC}") = "HealthMed.Migrator", "HealthMed.Migrator\HealthMed.Migrator.csproj", "{932DE94D-99BF-48FC-BECB-8A1EDC76B473}"
EndProject
Project("{FAE04EC0-301F-11D3-BF4B-00C04F79EFBC}") = "HealthMed.QueryAPI", "HealthMed.QueryAPI\HealthMed.QueryAPI.csproj", "{6F59DD21-A10D-4B9D-844E-B478C0C68EC2}"
EndProject
Project("{FAE04EC0-301F-11D3-BF4B-00C04F79EFBC}") = "HealthMed.CommandAPI", "HealthMed.CommandAPI\HealthMed.CommandAPI.csproj", "{4C21FEB9-20A7-4F65-9BD5-C6C09F45957C}"
EndProject
Project("{FAE04EC0-301F-11D3-BF4B-00C04F79EFBC}") = "HealthMed.Gateway", "HealthMed.Gateway\HealthMed.Gateway.csproj", "{44D8622C-2492-4506-9441-4724F29DCA4C}"
Project("{FAE04EC0-301F-11D3-BF4B-00C04F79EFBC}") = "CommandApi.Test", "CommandApi.Test\CommandApi.Test.csproj", "{2E77A6C6-6D05-4739-997F-366D2E2D4674}"
EndProject
Project("{FAE04EC0-301F-11D3-BF4B-00C04F79EFBC}") = "QueryAPI.Test", "QueryAPI.Test\QueryAPI.Test.csproj", "{667D1120-981E-4D75-A6E9-AD077D4FC5C9}"
EndProject
Global
	GlobalSection(SolutionConfigurationPlatforms) = preSolution
		Debug|Any CPU = Debug|Any CPU
		Release|Any CPU = Release|Any CPU
	EndGlobalSection
	GlobalSection(ProjectConfigurationPlatforms) = postSolution
		{932DE94D-99BF-48FC-BECB-8A1EDC76B473}.Debug|Any CPU.ActiveCfg = Debug|Any CPU
		{932DE94D-99BF-48FC-BECB-8A1EDC76B473}.Debug|Any CPU.Build.0 = Debug|Any CPU
		{932DE94D-99BF-48FC-BECB-8A1EDC76B473}.Release|Any CPU.ActiveCfg = Release|Any CPU
		{932DE94D-99BF-48FC-BECB-8A1EDC76B473}.Release|Any CPU.Build.0 = Release|Any CPU
		{6F59DD21-A10D-4B9D-844E-B478C0C68EC2}.Debug|Any CPU.ActiveCfg = Debug|Any CPU
		{6F59DD21-A10D-4B9D-844E-B478C0C68EC2}.Debug|Any CPU.Build.0 = Debug|Any CPU
		{6F59DD21-A10D-4B9D-844E-B478C0C68EC2}.Release|Any CPU.ActiveCfg = Release|Any CPU
		{6F59DD21-A10D-4B9D-844E-B478C0C68EC2}.Release|Any CPU.Build.0 = Release|Any CPU
		{4C21FEB9-20A7-4F65-9BD5-C6C09F45957C}.Debug|Any CPU.ActiveCfg = Debug|Any CPU
		{4C21FEB9-20A7-4F65-9BD5-C6C09F45957C}.Debug|Any CPU.Build.0 = Debug|Any CPU
		{4C21FEB9-20A7-4F65-9BD5-C6C09F45957C}.Release|Any CPU.ActiveCfg = Release|Any CPU
		{4C21FEB9-20A7-4F65-9BD5-C6C09F45957C}.Release|Any CPU.Build.0 = Release|Any CPU
		{44D8622C-2492-4506-9441-4724F29DCA4C}.Debug|Any CPU.ActiveCfg = Debug|Any CPU
		{44D8622C-2492-4506-9441-4724F29DCA4C}.Debug|Any CPU.Build.0 = Debug|Any CPU
		{44D8622C-2492-4506-9441-4724F29DCA4C}.Release|Any CPU.ActiveCfg = Release|Any CPU
		{44D8622C-2492-4506-9441-4724F29DCA4C}.Release|Any CPU.Build.0 = Release|Any CPU
	EndGlobalSection
	GlobalSection(SolutionProperties) = preSolution
		HideSolutionNode = FALSE
	EndGlobalSection
	GlobalSection(ExtensibilityGlobals) = postSolution
		SolutionGuid = {4371CC13-FA1A-4AE3-B236-C8D986A1F30B}
	EndGlobalSection
EndGlobal
